// !$*UTF8*$!
{
	archiveVersion = 1;
	classes = {
	};
	objectVersion = 50;
	objects = {

/* Begin PBXBuildFile section */
		839ACA192427B9DC00D0C2EF /* AppDelegate.swift in Sources */ = {isa = PBXBuildFile; fileRef = 839ACA182427B9DC00D0C2EF /* AppDelegate.swift */; };
		839ACA1B2427B9DC00D0C2EF /* SceneDelegate.swift in Sources */ = {isa = PBXBuildFile; fileRef = 839ACA1A2427B9DC00D0C2EF /* SceneDelegate.swift */; };
		839ACA1D2427B9DC00D0C2EF /* ViewController.swift in Sources */ = {isa = PBXBuildFile; fileRef = 839ACA1C2427B9DC00D0C2EF /* ViewController.swift */; };
		839ACA202427B9DC00D0C2EF /* Main.storyboard in Resources */ = {isa = PBXBuildFile; fileRef = 839ACA1E2427B9DC00D0C2EF /* Main.storyboard */; };
		839ACA222427B9DE00D0C2EF /* Assets.xcassets in Resources */ = {isa = PBXBuildFile; fileRef = 839ACA212427B9DE00D0C2EF /* Assets.xcassets */; };
		839ACA252427B9DE00D0C2EF /* LaunchScreen.storyboard in Resources */ = {isa = PBXBuildFile; fileRef = 839ACA232427B9DE00D0C2EF /* LaunchScreen.storyboard */; };
/* End PBXBuildFile section */

/* Begin PBXFileReference section */
		839ACA152427B9DC00D0C2EF /* I AM POOR.app */ = {isa = PBXFileReference; explicitFileType = wrapper.application; includeInIndex = 0; path = "I AM POOR.app"; sourceTree = BUILT_PRODUCTS_DIR; };
		839ACA182427B9DC00D0C2EF /* AppDelegate.swift */ = {isa = PBXFileReference; lastKnownFileType = sourcecode.swift; path = AppDelegate.swift; sourceTree = "<group>"; };
		839ACA1A2427B9DC00D0C2EF /* SceneDelegate.swift */ = {isa = PBXFileReference; lastKnownFileType = sourcecode.swift; path = SceneDelegate.swift; sourceTree = "<group>"; };
		839ACA1C2427B9DC00D0C2EF /* ViewController.swift */ = {isa = PBXFileReference; lastKnownFileType = sourcecode.swift; path = ViewController.swift; sourceTree = "<group>"; };
		839ACA1F2427B9DC00D0C2EF /* Base */ = {isa = PBXFileReference; lastKnownFileType = file.storyboard; name = Base; path = Base.lproj/Main.storyboard; sourceTree = "<group>"; };
		839ACA212427B9DE00D0C2EF /* Assets.xcassets */ = {isa = PBXFileReference; lastKnownFileType = folder.assetcatalog; path = Assets.xcassets; sourceTree = "<group>"; };
		839ACA242427B9DE00D0C2EF /* Base */ = {isa = PBXFileReference; lastKnownFileType = file.storyboard; name = Base; path = Base.lproj/LaunchScreen.storyboard; sourceTree = "<group>"; };
		839ACA262427B9DE00D0C2EF /* Info.plist */ = {isa = PBXFileReference; lastKnownFileType = text.plist.xml; path = Info.plist; sourceTree = "<group>"; };
/* End PBXFileReference section */

/* Begin PBXFrameworksBuildPhase section */
		839ACA122427B9DC00D0C2EF /* Frameworks */ = {
			isa = PBXFrameworksBuildPhase;
			buildActionMask = 2147483647;
			files = (
			);
			runOnlyForDeploymentPostprocessing = 0;
		};
/* End PBXFrameworksBuildPhase section */

/* Begin PBXGroup section */
		839ACA0C2427B9DC00D0C2EF = {
			isa = PBXGroup;
			children = (
				839ACA172427B9DC00D0C2EF /* I AM POOR */,
				839ACA162427B9DC00D0C2EF /* Products */,
			);
			sourceTree = "<group>";
		};
		839ACA162427B9DC00D0C2EF /* Products */ = {
			isa = PBXGroup;
			children = (
				839ACA152427B9DC00D0C2EF /* I AM POOR.app */,
			);
			name = Products;
			sourceTree = "<group>";
		};
		839ACA172427B9DC00D0C2EF /* I AM POOR */ = {
			isa = PBXGroup;
			children = (
				839ACA182427B9DC00D0C2EF /* AppDelegate.swift */,
				839ACA1A2427B9DC00D0C2EF /* SceneDelegate.swift */,
				839ACA1C2427B9DC00D0C2EF /* ViewController.swift */,
				839ACA1E2427B9DC00D0C2EF /* Main.storyboard */,
				839ACA212427B9DE00D0C2EF /* Assets.xcassets */,
				839ACA232427B9DE00D0C2EF /* LaunchScreen.storyboard */,
				839ACA262427B9DE00D0C2EF /* Info.plist */,
			);
			path = "I AM POOR";
			sourceTree = "<group>";
		};
/* End PBXGroup section */

/* Begin PBXNativeTarget section */
		839ACA142427B9DC00D0C2EF /* I AM POOR */ = {
			isa = PBXNativeTarget;
			buildConfigurationList = 839ACA292427B9DE00D0C2EF /* Build configuration list for PBXNativeTarget "I AM POOR" */;
			buildPhases = (
				839ACA112427B9DC00D0C2EF /* Sources */,
				839ACA122427B9DC00D0C2EF /* Frameworks */,
				839ACA132427B9DC00D0C2EF /* Resources */,
			);
			buildRules = (
			);
			dependencies = (
			);
			name = "I AM POOR";
			productName = "I AM POOR";
			productReference = 839ACA152427B9DC00D0C2EF /* I AM POOR.app */;
			productType = "com.apple.product-type.application";
		};
/* End PBXNativeTarget section */

/* Begin PBXProject section */
		839ACA0D2427B9DC00D0C2EF /* Project object */ = {
			isa = PBXProject;
			attributes = {
				LastSwiftUpdateCheck = 1130;
				LastUpgradeCheck = 1130;
				ORGANIZATIONNAME = "Nandini Aggarwal";
				TargetAttributes = {
					839ACA142427B9DC00D0C2EF = {
						CreatedOnToolsVersion = 11.3;
					};
				};
			};
			buildConfigurationList = 839ACA102427B9DC00D0C2EF /* Build configuration list for PBXProject "I AM POOR" */;
			compatibilityVersion = "Xcode 9.3";
			developmentRegion = en;
			hasScannedForEncodings = 0;
			knownRegions = (
				en,
				Base,
			);
			mainGroup = 839ACA0C2427B9DC00D0C2EF;
			productRefGroup = 839ACA162427B9DC00D0C2EF /* Products */;
			projectDirPath = "";
			projectRoot = "";
			targets = (
				839ACA142427B9DC00D0C2EF /* I AM POOR */,
			);
		};
/* End PBXProject section */

/* Begin PBXResourcesBuildPhase section */
		839ACA132427B9DC00D0C2EF /* Resources */ = {
			isa = PBXResourcesBuildPhase;
			buildActionMask = 2147483647;
			files = (
				839ACA252427B9DE00D0C2EF /* LaunchScreen.storyboard in Resources */,
				839ACA222427B9DE00D0C2EF /* Assets.xcassets in Resources */,
				839ACA202427B9DC00D0C2EF /* Main.storyboard in Resources */,
			);
			runOnlyForDeploymentPostprocessing = 0;
		};
/* End PBXResourcesBuildPhase section */

/* Begin PBXSourcesBuildPhase section */
		839ACA112427B9DC00D0C2EF /* Sources */ = {
			isa = PBXSourcesBuildPhase;
			buildActionMask = 2147483647;
			files = (
				839ACA1D2427B9DC00D0C2EF /* ViewController.swift in Sources */,
				839ACA192427B9DC00D0C2EF /* AppDelegate.swift in Sources */,
				839ACA1B2427B9DC00D0C2EF /* SceneDelegate.swift in Sources */,
			);
			runOnlyForDeploymentPostprocessing = 0;
		};
/* End PBXSourcesBuildPhase section */

/* Begin PBXVariantGroup section */
		839ACA1E2427B9DC00D0C2EF /* Main.storyboard */ = {
			isa = PBXVariantGroup;
			children = (
				839ACA1F2427B9DC00D0C2EF /* Base */,
			);
			name = Main.storyboard;
			sourceTree = "<group>";
		};
		839ACA232427B9DE00D0C2EF /* LaunchScreen.storyboard */ = {
			isa = PBXVariantGroup;
			children = (
				839ACA242427B9DE00D0C2EF /* Base */,
			);
			name = LaunchScreen.storyboard;
			sourceTree = "<group>";
		};
/* End PBXVariantGroup section */

/* Begin XCBuildConfiguration section */
		839ACA272427B9DE00D0C2EF /* Debug */ = {
			isa = XCBuildConfiguration;
			buildSettings = {
				ALWAYS_SEARCH_USER_PATHS = NO;
				CLANG_ANALYZER_NONNULL = YES;
				CLANG_ANALYZER_NUMBER_OBJECT_CONVERSION = YES_AGGRESSIVE;
				CLANG_CXX_LANGUAGE_STANDARD = "gnu++14";
				CLANG_CXX_LIBRARY = "libc++";
				CLANG_ENABLE_MODULES = YES;
				CLANG_ENABLE_OBJC_ARC = YES;
				CLANG_ENABLE_OBJC_WEAK = YES;
				CLANG_WARN_BLOCK_CAPTURE_AUTORELEASING = YES;
				CLANG_WARN_BOOL_CONVERSION = YES;
				CLANG_WARN_COMMA = YES;
				CLANG_WARN_CONSTANT_CONVERSION = YES;
				CLANG_WARN_DEPRECATED_OBJC_IMPLEMENTATIONS = YES;
				CLANG_WARN_DIRECT_OBJC_ISA_USAGE = YES_ERROR;
				CLANG_WARN_DOCUMENTATION_COMMENTS = YES;
				CLANG_WARN_EMPTY_BODY = YES;
				CLANG_WARN_ENUM_CONVERSION = YES;
				CLANG_WARN_INFINITE_RECURSION = YES;
				CLANG_WARN_INT_CONVERSION = YES;
				CLANG_WARN_NON_LITERAL_NULL_CONVERSION = YES;
				CLANG_WARN_OBJC_IMPLICIT_RETAIN_SELF = YES;
				CLANG_WARN_OBJC_LITERAL_CONVERSION = YES;
				CLANG_WARN_OBJC_ROOT_CLASS = YES_ERROR;
				CLANG_WARN_RANGE_LOOP_ANALYSIS = YES;
				CLANG_WARN_STRICT_PROTOTYPES = YES;
				CLANG_WARN_SUSPICIOUS_MOVE = YES;
				CLANG_WARN_UNGUARDED_AVAILABILITY = YES_AGGRESSIVE;
				CLANG_WARN_UNREACHABLE_CODE = YES;
				CLANG_WARN__DUPLICATE_METHOD_MATCH = YES;
				COPY_PHASE_STRIP = NO;
				DEBUG_INFORMATION_FORMAT = dwarf;
				ENABLE_STRICT_OBJC_MSGSEND = YES;
				ENABLE_TESTABILITY = YES;
				GCC_C_LANGUAGE_STANDARD = gnu11;
				GCC_DYNAMIC_NO_PIC = NO;
				GCC_NO_COMMON_BLOCKS = YES;
				GCC_OPTIMIZATION_LEVEL = 0;
				GCC_PREPROCESSOR_DEFINITIONS = (
					"DEBUG=1",
					"$(inherited)",
				);
				GCC_WARN_64_TO_32_BIT_CONVERSION = YES;
				GCC_WARN_ABOUT_RETURN_TYPE = YES_ERROR;
				GCC_WARN_UNDECLARED_SELECTOR = YES;
				GCC_WARN_UNINITIALIZED_AUTOS = YES_AGGRESSIVE;
				GCC_WARN_UNUSED_FUNCTION = YES;
				GCC_WARN_UNUSED_VARIABLE = YES;
				IPHONEOS_DEPLOYMENT_TARGET = 13.2;
				MTL_ENABLE_DEBUG_INFO = INCLUDE_SOURCE;
				MTL_FAST_MATH = YES;
				ONLY_ACTIVE_ARCH = YES;
				SDKROOT = iphoneos;
				SWIFT_ACTIVE_COMPILATION_CONDITIONS = DEBUG;
				SWIFT_OPTIMIZATION_LEVEL = "-Onone";
			};
			name = Debug;
		};
		839ACA282427B9DE00D0C2EF /* Release */ = {
			isa = XCBuildConfiguration;
			buildSettings = {
				ALWAYS_SEARCH_USER_PATHS = NO;
				CLANG_ANALYZER_NONNULL = YES;
				CLANG_ANALYZER_NUMBER_OBJECT_CONVERSION = YES_AGGRESSIVE;
				CLANG_CXX_LANGUAGE_STANDARD = "gnu++14";
				CLANG_CXX_LIBRARY = "libc++";
				CLANG_ENABLE_MODULES = YES;
				CLANG_ENABLE_OBJC_ARC = YES;
				CLANG_ENABLE_OBJC_WEAK = YES;
				CLANG_WARN_BLOCK_CAPTURE_AUTORELEASING = YES;
				CLANG_WARN_BOOL_CONVERSION = YES;
				CLANG_WARN_COMMA = YES;
				CLANG_WARN_CONSTANT_CONVERSION = YES;
				CLANG_WARN_DEPRECATED_OBJC_IMPLEMENTATIONS = YES;
				CLANG_WARN_DIRECT_OBJC_ISA_USAGE = YES_ERROR;
				CLANG_WARN_DOCUMENTATION_COMMENTS = YES;
				CLANG_WARN_EMPTY_BODY = YES;
				CLANG_WARN_ENUM_CONVERSION = YES;
				CLANG_WARN_INFINITE_RECURSION = YES;
				CLANG_WARN_INT_CONVERSION = YES;
				CLANG_WARN_NON_LITERAL_NULL_CONVERSION = YES;
				CLANG_WARN_OBJC_IMPLICIT_RETAIN_SELF = YES;
				CLANG_WARN_OBJC_LITERAL_CONVERSION = YES;
				CLANG_WARN_OBJC_ROOT_CLASS = YES_ERROR;
				CLANG_WARN_RANGE_LOOP_ANALYSIS = YES;
				CLANG_WARN_STRICT_PROTOTYPES = YES;
				CLANG_WARN_SUSPICIOUS_MOVE = YES;
				CLANG_WARN_UNGUARDED_AVAILABILITY = YES_AGGRESSIVE;
				CLANG_WARN_UNREACHABLE_CODE = YES;
				CLANG_WARN__DUPLICATE_METHOD_MATCH = YES;
				COPY_PHASE_STRIP = NO;
				DEBUG_INFORMATION_FORMAT = "dwarf-with-dsym";
				ENABLE_NS_ASSERTIONS = NO;
				ENABLE_STRICT_OBJC_MSGSEND = YES;
				GCC_C_LANGUAGE_STANDARD = gnu11;
				GCC_NO_COMMON_BLOCKS = YES;
				GCC_WARN_64_TO_32_BIT_CONVERSION = YES;
				GCC_WARN_ABOUT_RETURN_TYPE = YES_ERROR;
				GCC_WARN_UNDECLARED_SELECTOR = YES;
				GCC_WARN_UNINITIALIZED_AUTOS = YES_AGGRESSIVE;
				GCC_WARN_UNUSED_FUNCTION = YES;
				GCC_WARN_UNUSED_VARIABLE = YES;
				IPHONEOS_DEPLOYMENT_TARGET = 13.2;
				MTL_ENABLE_DEBUG_INFO = NO;
				MTL_FAST_MATH = YES;
				SDKROOT = iphoneos;
				SWIFT_COMPILATION_MODE = wholemodule;
				SWIFT_OPTIMIZATION_LEVEL = "-O";
				VALIDATE_PRODUCT = YES;
			};
			name = Release;
		};
		839ACA2A2427B9DE00D0C2EF /* Debug */ = {
			isa = XCBuildConfiguration;
			buildSettings = {
				ASSETCATALOG_COMPILER_APPICON_NAME = AppIcon;
				CODE_SIGN_STYLE = Automatic;
				INFOPLIST_FILE = "I AM POOR/Info.plist";
				LD_RUNPATH_SEARCH_PATHS = (
					"$(inherited)",
					"@executable_path/Frameworks",
				);
				PRODUCT_BUNDLE_IDENTIFIER = "appcookery.I-AM-POOR";
				PRODUCT_NAME = "$(TARGET_NAME)";
				SWIFT_VERSION = 5.0;
				TARGETED_DEVICE_FAMILY = "1,2";
			};
			name = Debug;
		};
		839ACA2B2427B9DE00D0C2EF /* Release */ = {
			isa = XCBuildConfiguration;
			buildSettings = {
				ASSETCATALOG_COMPILER_APPICON_NAME = AppIcon;
				CODE_SIGN_STYLE = Automatic;
				INFOPLIST_FILE = "I AM POOR/Info.plist";
				LD_RUNPATH_SEARCH_PATHS = (
					"$(inherited)",
					"@executable_path/Frameworks",
				);
				PRODUCT_BUNDLE_IDENTIFIER = "appcookery.I-AM-POOR";
				PRODUCT_NAME = "$(TARGET_NAME)";
				SWIFT_VERSION = 5.0;
				TARGETED_DEVICE_FAMILY = "1,2";
			};
			name = Release;
		};
/* End XCBuildConfiguration section */

/* Begin XCConfigurationList section */
		839ACA102427B9DC00D0C2EF /* Build configuration list for PBXProject "I AM POOR" */ = {
			isa = XCConfigurationList;
			buildConfigurations = (
				839ACA272427B9DE00D0C2EF /* Debug */,
				839ACA282427B9DE00D0C2EF /* Release */,
			);
			defaultConfigurationIsVisible = 0;
			defaultConfigurationName = Release;
		};
		839ACA292427B9DE00D0C2EF /* Build configuration list for PBXNativeTarget "I AM POOR" */ = {
			isa = XCConfigurationList;
			buildConfigurations = (
				839ACA2A2427B9DE00D0C2EF /* Debug */,
				839ACA2B2427B9DE00D0C2EF /* Release */,
			);
			defaultConfigurationIsVisible = 0;
			defaultConfigurationName = Release;
		};
/* End XCConfigurationList section */
	};
	rootObject = 839ACA0D2427B9DC00D0C2EF /* Project object */;
}
